{
    "_readme": [
        "This file locks the dependencies of your project to a known state",
        "Read more about it at https://getcomposer.org/doc/01-basic-usage.md#installing-dependencies",
        "This file is @generated automatically"
    ],
    "content-hash": "1f61658bd1fa91432bd2abcda000e7e7",
    "packages": [
        {
            "name": "reviewcore/core",
            "version": "dev-main",
            "dist": {
                "type": "path",
                "url": "packages/core",
                "reference": "0a113a91f8d3e963167715c7cb16ecec5e2dbc90"
            },
            "require": {
                "php": "^8.3"
            },
            "type": "library",
            "autoload": {
                "psr-4": {
                    "ReviewCore\\Core\\": "src/"
                }
            },
            "license": [
                "MIT"
            ],
            "description": "ReviewCore Core Package",
            "transport-options": {
                "symlink": true,
                "relative": true
            }
        }
    ],
    "packages-dev": [],
    "aliases": [],
    "minimum-stability": "dev",
    "stability-flags": {},
    "prefer-stable": true,
    "prefer-lowest": false,
    "platform": {
        "php": "^8.3"
    },
    "platform-dev": {},
    "plugin-api-version": "2.9.0"
}
